
Microsoft Visual Studio Solution File, Format Version 12.00
# Visual Studio Version 16
VisualStudioVersion = 16.0.29230.47
MinimumVisualStudioVersion = 10.0.40219.1
Project("{9A19103F-16F7-4668-BE54-9A1E7A4F7556}") = "SQLite-Net.Extensions.Readers", "SQLite-Net.Extensions.Readers\SQLite-Net.Extensions.Readers.csproj", "{9437D755-64EF-4968-AF4B-D9A5A9C44A42}"
EndProject
Project("{2150E333-8FDC-42A3-9474-1A3956D46DE8}") = "Library", "Library", "{4A60BBFF-D2A3-4EA6-8F13-B59AF4DBEF91}"
EndProject
Project("{2150E333-8FDC-42A3-9474-1A3956D46DE8}") = "Tests", "Tests", "{547746D7-F84C-4F3F-8B4B-0872DD3ACFA6}"
EndProject
Project("{FAE04EC0-301F-11D3-BF4B-00C04F79EFBC}") = "SQLite-Net.Extensions.Readers.UnitTests", "SQLite-Net.Extensions.Readers.UnitTests\SQLite-Net.Extensions.Readers.UnitTests.csproj", "{F6AC51C5-888B-4724-A4DC-5D488B8964C6}"
EndProject
Global
	GlobalSection(SolutionConfigurationPlatforms) = preSolution
		Debug|Any CPU = Debug|Any CPU
		Release|Any CPU = Release|Any CPU
	EndGlobalSection
	GlobalSection(ProjectConfigurationPlatforms) = postSolution
		{9437D755-64EF-4968-AF4B-D9A5A9C44A42}.Debug|Any CPU.ActiveCfg = Debug|Any CPU
		{9437D755-64EF-4968-AF4B-D9A5A9C44A42}.Debug|Any CPU.Build.0 = Debug|Any CPU
		{9437D755-64EF-4968-AF4B-D9A5A9C44A42}.Release|Any CPU.ActiveCfg = Release|Any CPU
		{9437D755-64EF-4968-AF4B-D9A5A9C44A42}.Release|Any CPU.Build.0 = Release|Any CPU
		{F6AC51C5-888B-4724-A4DC-5D488B8964C6}.Debug|Any CPU.ActiveCfg = Debug|Any CPU
		{F6AC51C5-888B-4724-A4DC-5D488B8964C6}.Debug|Any CPU.Build.0 = Debug|Any CPU
		{F6AC51C5-888B-4724-A4DC-5D488B8964C6}.Release|Any CPU.ActiveCfg = Release|Any CPU
		{F6AC51C5-888B-4724-A4DC-5D488B8964C6}.Release|Any CPU.Build.0 = Release|Any CPU
	EndGlobalSection
	GlobalSection(SolutionProperties) = preSolution
		HideSolutionNode = FALSE
	EndGlobalSection
	GlobalSection(NestedProjects) = preSolution
		{9437D755-64EF-4968-AF4B-D9A5A9C44A42} = {4A60BBFF-D2A3-4EA6-8F13-B59AF4DBEF91}
		{F6AC51C5-888B-4724-A4DC-5D488B8964C6} = {547746D7-F84C-4F3F-8B4B-0872DD3ACFA6}
	EndGlobalSection
	GlobalSection(ExtensibilityGlobals) = postSolution
		SolutionGuid = {F80EF73B-E006-4D4D-A416-A087FA040460}
	EndGlobalSection
EndGlobal
